
Microsoft Visual Studio Solution File, Format Version 12.00
# Visual Studio 15
VisualStudioVersion = 15.0.28307.136
MinimumVisualStudioVersion = 10.0.40219.1
Project("{FAE04EC0-301F-11D3-BF4B-00C04F79EFBC}") = "ASPIdentity", "ASPIdentity\ASPIdentity.csproj", "{789A7CF1-558B-4357-B90B-EC16371B0412}"
EndProject
Global
	GlobalSection(SolutionConfigurationPlatforms) = preSolution
		Debug|Any CPU = Debug|Any CPU
		Release|Any CPU = Release|Any CPU
	EndGlobalSection
	GlobalSection(ProjectConfigurationPlatforms) = postSolution
		{789A7CF1-558B-4357-B90B-EC16371B0412}.Debug|Any CPU.ActiveCfg = Debug|Any CPU
		{789A7CF1-558B-4357-B90B-EC16371B0412}.Debug|Any CPU.Build.0 = Debug|Any CPU
		{789A7CF1-558B-4357-B90B-EC16371B0412}.Release|Any CPU.ActiveCfg = Release|Any CPU
		{789A7CF1-558B-4357-B90B-EC16371B0412}.Release|Any CPU.Build.0 = Release|Any CPU
	EndGlobalSection
	GlobalSection(SolutionProperties) = preSolution
		HideSolutionNode = FALSE
	EndGlobalSection
	GlobalSection(ExtensibilityGlobals) = postSolution
		SolutionGuid = {59F7B947-17F5-4516-A753-C9A63A04A24C}
	EndGlobalSection
EndGlobal
