
Microsoft Visual Studio Solution File, Format Version 12.00
# Visual Studio Version 16
VisualStudioVersion = 16.0.29418.71
MinimumVisualStudioVersion = 10.0.40219.1
Project("{FAE04EC0-301F-11D3-BF4B-00C04F79EFBC}") = "ASPCoreModel", "ASPCoreModel\ASPCoreModel.csproj", "{D79B3299-1328-4F93-BF95-DD86F267DD9F}"
EndProject
Global
	GlobalSection(SolutionConfigurationPlatforms) = preSolution
		Debug|Any CPU = Debug|Any CPU
		Release|Any CPU = Release|Any CPU
	EndGlobalSection
	GlobalSection(ProjectConfigurationPlatforms) = postSolution
		{D79B3299-1328-4F93-BF95-DD86F267DD9F}.Debug|Any CPU.ActiveCfg = Debug|Any CPU
		{D79B3299-1328-4F93-BF95-DD86F267DD9F}.Debug|Any CPU.Build.0 = Debug|Any CPU
		{D79B3299-1328-4F93-BF95-DD86F267DD9F}.Release|Any CPU.ActiveCfg = Release|Any CPU
		{D79B3299-1328-4F93-BF95-DD86F267DD9F}.Release|Any CPU.Build.0 = Release|Any CPU
	EndGlobalSection
	GlobalSection(SolutionProperties) = preSolution
		HideSolutionNode = FALSE
	EndGlobalSection
	GlobalSection(ExtensibilityGlobals) = postSolution
		SolutionGuid = {A8F01FD5-5C08-41DC-BCCA-2FD03C76BCB3}
	EndGlobalSection
EndGlobal
