
Microsoft Visual Studio Solution File, Format Version 12.00
# Visual Studio 15
VisualStudioVersion = 15.0.27428.2037
MinimumVisualStudioVersion = 10.0.40219.1
Project("{E24C65DC-7377-472B-9ABA-BC803B73C61A}") = "Predavanje 8", "Predavanje 8\", "{31C43F5B-94AC-4F91-A24D-86C07EDF2141}"
	ProjectSection(WebsiteProperties) = preProject
		TargetFrameworkMoniker = ".NETFramework,Version%3Dv4.6.1"
		Debug.AspNetCompiler.VirtualPath = "/localhost_54309"
		Debug.AspNetCompiler.PhysicalPath = "Predavanje 8\"
		Debug.AspNetCompiler.TargetPath = "PrecompiledWeb\localhost_54309\"
		Debug.AspNetCompiler.Updateable = "true"
		Debug.AspNetCompiler.ForceOverwrite = "true"
		Debug.AspNetCompiler.FixedNames = "false"
		Debug.AspNetCompiler.Debug = "True"
		Release.AspNetCompiler.VirtualPath = "/localhost_54309"
		Release.AspNetCompiler.PhysicalPath = "Predavanje 8\"
		Release.AspNetCompiler.TargetPath = "PrecompiledWeb\localhost_54309\"
		Release.AspNetCompiler.Updateable = "true"
		Release.AspNetCompiler.ForceOverwrite = "true"
		Release.AspNetCompiler.FixedNames = "false"
		Release.AspNetCompiler.Debug = "False"
		VWDPort = "54309"
		SlnRelativePath = "Predavanje 8\"
		DefaultWebSiteLanguage = "Visual C#"
	EndProjectSection
EndProject
Global
	GlobalSection(SolutionConfigurationPlatforms) = preSolution
		Debug|Any CPU = Debug|Any CPU
	EndGlobalSection
	GlobalSection(ProjectConfigurationPlatforms) = postSolution
		{31C43F5B-94AC-4F91-A24D-86C07EDF2141}.Debug|Any CPU.ActiveCfg = Debug|Any CPU
		{31C43F5B-94AC-4F91-A24D-86C07EDF2141}.Debug|Any CPU.Build.0 = Debug|Any CPU
	EndGlobalSection
	GlobalSection(SolutionProperties) = preSolution
		HideSolutionNode = FALSE
	EndGlobalSection
	GlobalSection(ExtensibilityGlobals) = postSolution
		SolutionGuid = {4E062935-272F-4215-B6C5-82A56737A442}
	EndGlobalSection
EndGlobal
