
Microsoft Visual Studio Solution File, Format Version 12.00
# Visual Studio Version 16
VisualStudioVersion = 16.0.30621.155
MinimumVisualStudioVersion = 10.0.40219.1
Project("{E24C65DC-7377-472B-9ABA-BC803B73C61A}") = "Predavanje 8", "Predavanje 8\", "{20BD89CA-A8BC-4C4D-BDCE-6E8B0359A17F}"
	ProjectSection(WebsiteProperties) = preProject
		TargetFrameworkMoniker = ".NETFramework,Version%3Dv4.7.2"
		Debug.AspNetCompiler.VirtualPath = "/localhost_53408"
		Debug.AspNetCompiler.PhysicalPath = "Predavanje 8\"
		Debug.AspNetCompiler.TargetPath = "PrecompiledWeb\localhost_53408\"
		Debug.AspNetCompiler.Updateable = "true"
		Debug.AspNetCompiler.ForceOverwrite = "true"
		Debug.AspNetCompiler.FixedNames = "false"
		Debug.AspNetCompiler.Debug = "True"
		Release.AspNetCompiler.VirtualPath = "/localhost_53408"
		Release.AspNetCompiler.PhysicalPath = "Predavanje 8\"
		Release.AspNetCompiler.TargetPath = "PrecompiledWeb\localhost_53408\"
		Release.AspNetCompiler.Updateable = "true"
		Release.AspNetCompiler.ForceOverwrite = "true"
		Release.AspNetCompiler.FixedNames = "false"
		Release.AspNetCompiler.Debug = "False"
		VWDPort = "53408"
		SlnRelativePath = "Predavanje 8\"
		DefaultWebSiteLanguage = "Visual C#"
	EndProjectSection
EndProject
Global
	GlobalSection(SolutionConfigurationPlatforms) = preSolution
		Debug|Any CPU = Debug|Any CPU
	EndGlobalSection
	GlobalSection(ProjectConfigurationPlatforms) = postSolution
		{20BD89CA-A8BC-4C4D-BDCE-6E8B0359A17F}.Debug|Any CPU.ActiveCfg = Debug|Any CPU
		{20BD89CA-A8BC-4C4D-BDCE-6E8B0359A17F}.Debug|Any CPU.Build.0 = Debug|Any CPU
	EndGlobalSection
	GlobalSection(SolutionProperties) = preSolution
		HideSolutionNode = FALSE
	EndGlobalSection
	GlobalSection(ExtensibilityGlobals) = postSolution
		SolutionGuid = {8B308C9C-BFA6-49D0-9F5E-9567F0B59D40}
	EndGlobalSection
EndGlobal
