
Microsoft Visual Studio Solution File, Format Version 12.00
# Visual Studio Version 16
VisualStudioVersion = 16.0.30523.141
MinimumVisualStudioVersion = 10.0.40219.1
Project("{E24C65DC-7377-472B-9ABA-BC803B73C61A}") = "Predavanje 4", "Predavanje 4\", "{044F0357-F839-472B-B22A-47937A112236}"
	ProjectSection(WebsiteProperties) = preProject
		TargetFrameworkMoniker = ".NETFramework,Version%3Dv4.7.2"
		Debug.AspNetCompiler.VirtualPath = "/localhost_63301"
		Debug.AspNetCompiler.PhysicalPath = "Predavanje 4\"
		Debug.AspNetCompiler.TargetPath = "PrecompiledWeb\localhost_63301\"
		Debug.AspNetCompiler.Updateable = "true"
		Debug.AspNetCompiler.ForceOverwrite = "true"
		Debug.AspNetCompiler.FixedNames = "false"
		Debug.AspNetCompiler.Debug = "True"
		Release.AspNetCompiler.VirtualPath = "/localhost_63301"
		Release.AspNetCompiler.PhysicalPath = "Predavanje 4\"
		Release.AspNetCompiler.TargetPath = "PrecompiledWeb\localhost_63301\"
		Release.AspNetCompiler.Updateable = "true"
		Release.AspNetCompiler.ForceOverwrite = "true"
		Release.AspNetCompiler.FixedNames = "false"
		Release.AspNetCompiler.Debug = "False"
		VWDPort = "63301"
		SlnRelativePath = "Predavanje 4\"
		DefaultWebSiteLanguage = "Visual C#"
	EndProjectSection
EndProject
Global
	GlobalSection(SolutionConfigurationPlatforms) = preSolution
		Debug|Any CPU = Debug|Any CPU
	EndGlobalSection
	GlobalSection(ProjectConfigurationPlatforms) = postSolution
		{044F0357-F839-472B-B22A-47937A112236}.Debug|Any CPU.ActiveCfg = Debug|Any CPU
		{044F0357-F839-472B-B22A-47937A112236}.Debug|Any CPU.Build.0 = Debug|Any CPU
	EndGlobalSection
	GlobalSection(SolutionProperties) = preSolution
		HideSolutionNode = FALSE
	EndGlobalSection
	GlobalSection(ExtensibilityGlobals) = postSolution
		SolutionGuid = {718BD197-D3F4-4693-98B4-58F1BC1AA417}
	EndGlobalSection
EndGlobal
