
Microsoft Visual Studio Solution File, Format Version 12.00
# Visual Studio 15
VisualStudioVersion = 15.0.28307.421
MinimumVisualStudioVersion = 10.0.40219.1
Project("{E24C65DC-7377-472B-9ABA-BC803B73C61A}") = "Predavanje 7", "Predavanje 7\", "{AC08F2C4-71D6-4E5B-8999-A0287E9051A9}"
	ProjectSection(WebsiteProperties) = preProject
		TargetFrameworkMoniker = ".NETFramework,Version%3Dv4.6.1"
		Debug.AspNetCompiler.VirtualPath = "/localhost_51655"
		Debug.AspNetCompiler.PhysicalPath = "Predavanje 7\"
		Debug.AspNetCompiler.TargetPath = "PrecompiledWeb\localhost_51655\"
		Debug.AspNetCompiler.Updateable = "true"
		Debug.AspNetCompiler.ForceOverwrite = "true"
		Debug.AspNetCompiler.FixedNames = "false"
		Debug.AspNetCompiler.Debug = "True"
		Release.AspNetCompiler.VirtualPath = "/localhost_51655"
		Release.AspNetCompiler.PhysicalPath = "Predavanje 7\"
		Release.AspNetCompiler.TargetPath = "PrecompiledWeb\localhost_51655\"
		Release.AspNetCompiler.Updateable = "true"
		Release.AspNetCompiler.ForceOverwrite = "true"
		Release.AspNetCompiler.FixedNames = "false"
		Release.AspNetCompiler.Debug = "False"
		VWDPort = "51655"
		SlnRelativePath = "Predavanje 7\"
		DefaultWebSiteLanguage = "Visual C#"
	EndProjectSection
EndProject
Global
	GlobalSection(SolutionConfigurationPlatforms) = preSolution
		Debug|Any CPU = Debug|Any CPU
	EndGlobalSection
	GlobalSection(ProjectConfigurationPlatforms) = postSolution
		{AC08F2C4-71D6-4E5B-8999-A0287E9051A9}.Debug|Any CPU.ActiveCfg = Debug|Any CPU
		{AC08F2C4-71D6-4E5B-8999-A0287E9051A9}.Debug|Any CPU.Build.0 = Debug|Any CPU
	EndGlobalSection
	GlobalSection(SolutionProperties) = preSolution
		HideSolutionNode = FALSE
	EndGlobalSection
	GlobalSection(ExtensibilityGlobals) = postSolution
		SolutionGuid = {DE42B305-64BA-48E3-9BFB-58DDCE6C413B}
	EndGlobalSection
EndGlobal
