
Microsoft Visual Studio Solution File, Format Version 12.00
# Visual Studio 15
VisualStudioVersion = 15.0.28307.136
MinimumVisualStudioVersion = 10.0.40219.1
Project("{FAE04EC0-301F-11D3-BF4B-00C04F79EFBC}") = "MVCModelApp", "MVCModelApp\MVCModelApp.csproj", "{DA50FC9D-8EC9-48A8-8776-A50BFF44C171}"
EndProject
Global
	GlobalSection(SolutionConfigurationPlatforms) = preSolution
		Debug|Any CPU = Debug|Any CPU
		Release|Any CPU = Release|Any CPU
	EndGlobalSection
	GlobalSection(ProjectConfigurationPlatforms) = postSolution
		{DA50FC9D-8EC9-48A8-8776-A50BFF44C171}.Debug|Any CPU.ActiveCfg = Debug|Any CPU
		{DA50FC9D-8EC9-48A8-8776-A50BFF44C171}.Debug|Any CPU.Build.0 = Debug|Any CPU
		{DA50FC9D-8EC9-48A8-8776-A50BFF44C171}.Release|Any CPU.ActiveCfg = Release|Any CPU
		{DA50FC9D-8EC9-48A8-8776-A50BFF44C171}.Release|Any CPU.Build.0 = Release|Any CPU
	EndGlobalSection
	GlobalSection(SolutionProperties) = preSolution
		HideSolutionNode = FALSE
	EndGlobalSection
	GlobalSection(ExtensibilityGlobals) = postSolution
		SolutionGuid = {EF7746E1-5B10-41AD-8A41-9099F71721EC}
	EndGlobalSection
EndGlobal
