
Microsoft Visual Studio Solution File, Format Version 12.00
# Visual Studio Version 16
VisualStudioVersion = 16.0.30804.86
MinimumVisualStudioVersion = 10.0.40219.1
Project("{FAE04EC0-301F-11D3-BF4B-00C04F79EFBC}") = "ModelApp", "ModelApp\ModelApp.csproj", "{EB33A35A-DFFF-4C8D-AB24-692AB71A1BFD}"
EndProject
Global
	GlobalSection(SolutionConfigurationPlatforms) = preSolution
		Debug|Any CPU = Debug|Any CPU
		Release|Any CPU = Release|Any CPU
	EndGlobalSection
	GlobalSection(ProjectConfigurationPlatforms) = postSolution
		{EB33A35A-DFFF-4C8D-AB24-692AB71A1BFD}.Debug|Any CPU.ActiveCfg = Debug|Any CPU
		{EB33A35A-DFFF-4C8D-AB24-692AB71A1BFD}.Debug|Any CPU.Build.0 = Debug|Any CPU
		{EB33A35A-DFFF-4C8D-AB24-692AB71A1BFD}.Release|Any CPU.ActiveCfg = Release|Any CPU
		{EB33A35A-DFFF-4C8D-AB24-692AB71A1BFD}.Release|Any CPU.Build.0 = Release|Any CPU
	EndGlobalSection
	GlobalSection(SolutionProperties) = preSolution
		HideSolutionNode = FALSE
	EndGlobalSection
	GlobalSection(ExtensibilityGlobals) = postSolution
		SolutionGuid = {C5B14533-0521-47BF-948B-71CEDA9687F2}
	EndGlobalSection
EndGlobal
