
Microsoft Visual Studio Solution File, Format Version 12.00
# Visual Studio Version 16
VisualStudioVersion = 16.0.30621.155
MinimumVisualStudioVersion = 10.0.40219.1
Project("{E24C65DC-7377-472B-9ABA-BC803B73C61A}") = "Predavanje 7", "Predavanje 7\", "{ABE5F58F-6E9E-4CC5-82E2-3014C8F329DB}"
	ProjectSection(WebsiteProperties) = preProject
		TargetFrameworkMoniker = ".NETFramework,Version%3Dv4.7.2"
		Debug.AspNetCompiler.VirtualPath = "/localhost_49997"
		Debug.AspNetCompiler.PhysicalPath = "Predavanje 7\"
		Debug.AspNetCompiler.TargetPath = "PrecompiledWeb\localhost_49997\"
		Debug.AspNetCompiler.Updateable = "true"
		Debug.AspNetCompiler.ForceOverwrite = "true"
		Debug.AspNetCompiler.FixedNames = "false"
		Debug.AspNetCompiler.Debug = "True"
		Release.AspNetCompiler.VirtualPath = "/localhost_49997"
		Release.AspNetCompiler.PhysicalPath = "Predavanje 7\"
		Release.AspNetCompiler.TargetPath = "PrecompiledWeb\localhost_49997\"
		Release.AspNetCompiler.Updateable = "true"
		Release.AspNetCompiler.ForceOverwrite = "true"
		Release.AspNetCompiler.FixedNames = "false"
		Release.AspNetCompiler.Debug = "False"
		VWDPort = "49997"
		SlnRelativePath = "Predavanje 7\"
		DefaultWebSiteLanguage = "Visual C#"
	EndProjectSection
EndProject
Global
	GlobalSection(SolutionConfigurationPlatforms) = preSolution
		Debug|Any CPU = Debug|Any CPU
	EndGlobalSection
	GlobalSection(ProjectConfigurationPlatforms) = postSolution
		{ABE5F58F-6E9E-4CC5-82E2-3014C8F329DB}.Debug|Any CPU.ActiveCfg = Debug|Any CPU
		{ABE5F58F-6E9E-4CC5-82E2-3014C8F329DB}.Debug|Any CPU.Build.0 = Debug|Any CPU
	EndGlobalSection
	GlobalSection(SolutionProperties) = preSolution
		HideSolutionNode = FALSE
	EndGlobalSection
	GlobalSection(ExtensibilityGlobals) = postSolution
		SolutionGuid = {22B6504C-57F3-4E20-8484-384E929BFDF8}
	EndGlobalSection
EndGlobal
